
Microsoft Visual Studio Solution File, Format Version 12.00
# Visual Studio 2013
VisualStudioVersion = 12.0.31101.0
MinimumVisualStudioVersion = 10.0.40219.1
Project("{FAE04EC0-301F-11D3-BF4B-00C04F79EFBC}") = "KURSOVAYA", "KURSOVAYA\KURSOVAYA.csproj", "{DFC51912-8D10-42BD-B889-B3BA948C365C}"
EndProject
Project("{FAE04EC0-301F-11D3-BF4B-00C04F79EFBC}") = "NewtonMethod", "NewtonMethod\NewtonMethod.csproj", "{4E03D6CA-67E3-452C-967D-C7D2FABA1121}"
EndProject
Project("{FAE04EC0-301F-11D3-BF4B-00C04F79EFBC}") = "FormPresentation", "FormPresentation\FormPresentation.csproj", "{C70C3475-BD45-4725-9F91-F4D820925E1C}"
EndProject
Global
	GlobalSection(SolutionConfigurationPlatforms) = preSolution
		Debug|Any CPU = Debug|Any CPU
		Release|Any CPU = Release|Any CPU
	EndGlobalSection
	GlobalSection(ProjectConfigurationPlatforms) = postSolution
		{DFC51912-8D10-42BD-B889-B3BA948C365C}.Debug|Any CPU.ActiveCfg = Debug|Any CPU
		{DFC51912-8D10-42BD-B889-B3BA948C365C}.Debug|Any CPU.Build.0 = Debug|Any CPU
		{DFC51912-8D10-42BD-B889-B3BA948C365C}.Release|Any CPU.ActiveCfg = Release|Any CPU
		{DFC51912-8D10-42BD-B889-B3BA948C365C}.Release|Any CPU.Build.0 = Release|Any CPU
		{4E03D6CA-67E3-452C-967D-C7D2FABA1121}.Debug|Any CPU.ActiveCfg = Debug|Any CPU
		{4E03D6CA-67E3-452C-967D-C7D2FABA1121}.Debug|Any CPU.Build.0 = Debug|Any CPU
		{4E03D6CA-67E3-452C-967D-C7D2FABA1121}.Release|Any CPU.ActiveCfg = Release|Any CPU
		{4E03D6CA-67E3-452C-967D-C7D2FABA1121}.Release|Any CPU.Build.0 = Release|Any CPU
		{C70C3475-BD45-4725-9F91-F4D820925E1C}.Debug|Any CPU.ActiveCfg = Debug|Any CPU
		{C70C3475-BD45-4725-9F91-F4D820925E1C}.Debug|Any CPU.Build.0 = Debug|Any CPU
		{C70C3475-BD45-4725-9F91-F4D820925E1C}.Release|Any CPU.ActiveCfg = Release|Any CPU
		{C70C3475-BD45-4725-9F91-F4D820925E1C}.Release|Any CPU.Build.0 = Release|Any CPU
	EndGlobalSection
	GlobalSection(SolutionProperties) = preSolution
		HideSolutionNode = FALSE
	EndGlobalSection
EndGlobal
